
Microsoft Visual Studio Solution File, Format Version 12.00
# Visual Studio Version 16
VisualStudioVersion = 16.0.810.11
MinimumVisualStudioVersion = 10.0.40219.1
Project("{FAE04EC0-301F-11D3-BF4B-00C04F79EFBC}") = "InventoryManagement", "InventoryManagement.csproj", "{6E3B8441-4ACD-4933-A634-B4C9211EAF2F}"
EndProject
Project("{FAE04EC0-301F-11D3-BF4B-00C04F79EFBC}") = "InventoryFrontend", "..\InventoryFrontend\InventoryFrontend.csproj", "{0F6C58C3-928C-42A9-8E94-2B30EE202ED4}"
EndProject
Global
	GlobalSection(SolutionConfigurationPlatforms) = preSolution
		Debug|Any CPU = Debug|Any CPU
		Release|Any CPU = Release|Any CPU
	EndGlobalSection
	GlobalSection(ProjectConfigurationPlatforms) = postSolution
		{6E3B8441-4ACD-4933-A634-B4C9211EAF2F}.Debug|Any CPU.ActiveCfg = Debug|Any CPU
		{6E3B8441-4ACD-4933-A634-B4C9211EAF2F}.Debug|Any CPU.Build.0 = Debug|Any CPU
		{6E3B8441-4ACD-4933-A634-B4C9211EAF2F}.Release|Any CPU.ActiveCfg = Release|Any CPU
		{6E3B8441-4ACD-4933-A634-B4C9211EAF2F}.Release|Any CPU.Build.0 = Release|Any CPU
		{0F6C58C3-928C-42A9-8E94-2B30EE202ED4}.Debug|Any CPU.ActiveCfg = Debug|Any CPU
		{0F6C58C3-928C-42A9-8E94-2B30EE202ED4}.Debug|Any CPU.Build.0 = Debug|Any CPU
		{0F6C58C3-928C-42A9-8E94-2B30EE202ED4}.Release|Any CPU.ActiveCfg = Release|Any CPU
		{0F6C58C3-928C-42A9-8E94-2B30EE202ED4}.Release|Any CPU.Build.0 = Release|Any CPU
	EndGlobalSection
	GlobalSection(SolutionProperties) = preSolution
		HideSolutionNode = FALSE
	EndGlobalSection
	GlobalSection(ExtensibilityGlobals) = postSolution
		SolutionGuid = {8951C518-F285-4DD5-B10B-0455CDAD41E9}
	EndGlobalSection
EndGlobal
